
Microsoft Visual Studio Solution File, Format Version 12.00
# Visual Studio Version 16
VisualStudioVersion = 16.0.28922.388
MinimumVisualStudioVersion = 10.0.40219.1
Project("{FAE04EC0-301F-11D3-BF4B-00C04F79EFBC}") = "AMS2_core", "AMS2_core.csproj", "{873CEF53-CBFF-499F-8FF2-9D46F9803345}"
EndProject
Global
	GlobalSection(SolutionConfigurationPlatforms) = preSolution
		Debug|Any CPU = Debug|Any CPU
		Release|Any CPU = Release|Any CPU
	EndGlobalSection
	GlobalSection(ProjectConfigurationPlatforms) = postSolution
		{873CEF53-CBFF-499F-8FF2-9D46F9803345}.Debug|Any CPU.ActiveCfg = Debug|Any CPU
		{873CEF53-CBFF-499F-8FF2-9D46F9803345}.Debug|Any CPU.Build.0 = Debug|Any CPU
		{873CEF53-CBFF-499F-8FF2-9D46F9803345}.Release|Any CPU.ActiveCfg = Release|Any CPU
		{873CEF53-CBFF-499F-8FF2-9D46F9803345}.Release|Any CPU.Build.0 = Release|Any CPU
	EndGlobalSection
	GlobalSection(SolutionProperties) = preSolution
		HideSolutionNode = FALSE
	EndGlobalSection
	GlobalSection(ExtensibilityGlobals) = postSolution
		SolutionGuid = {E27FCD19-1FFD-41B7-B888-EF1A906C7850}
	EndGlobalSection
EndGlobal
